
Microsoft Visual Studio Solution File, Format Version 12.00
# Visual Studio 15
Project("{FAE04EC0-301F-11D3-BF4B-00C04F79EFBC}") = "Assembly-CSharp", "Assembly-CSharp.csproj", "{6DA3F64A-714D-9753-80A5-8C40B086FC69}"
EndProject
Project("{FAE04EC0-301F-11D3-BF4B-00C04F79EFBC}") = "Assembly-CSharp-firstpass", "Assembly-CSharp-firstpass.csproj", "{6FBFA143-FCF9-A647-BA26-ECE113694A7B}"
EndProject
Project("{FAE04EC0-301F-11D3-BF4B-00C04F79EFBC}") = "Assembly-CSharp-Editor", "Assembly-CSharp-Editor.csproj", "{9D88B882-52B0-C20F-FF89-851A2EA9DBBB}"
EndProject
Project("{FAE04EC0-301F-11D3-BF4B-00C04F79EFBC}") = "Assembly-CSharp-Editor-firstpass", "Assembly-CSharp-Editor-firstpass.csproj", "{C71E5DB1-4A5E-BD09-6000-219B78A74226}"
EndProject
Global
	GlobalSection(SolutionConfigurationPlatforms) = preSolution
		Debug|Any CPU = Debug|Any CPU
		Release|Any CPU = Release|Any CPU
	EndGlobalSection
	GlobalSection(ProjectConfigurationPlatforms) = postSolution
		{6DA3F64A-714D-9753-80A5-8C40B086FC69}.Debug|Any CPU.ActiveCfg = Debug|Any CPU
		{6DA3F64A-714D-9753-80A5-8C40B086FC69}.Debug|Any CPU.Build.0 = Debug|Any CPU
		{6DA3F64A-714D-9753-80A5-8C40B086FC69}.Release|Any CPU.ActiveCfg = Release|Any CPU
		{6DA3F64A-714D-9753-80A5-8C40B086FC69}.Release|Any CPU.Build.0 = Release|Any CPU
		{6FBFA143-FCF9-A647-BA26-ECE113694A7B}.Debug|Any CPU.ActiveCfg = Debug|Any CPU
		{6FBFA143-FCF9-A647-BA26-ECE113694A7B}.Debug|Any CPU.Build.0 = Debug|Any CPU
		{6FBFA143-FCF9-A647-BA26-ECE113694A7B}.Release|Any CPU.ActiveCfg = Release|Any CPU
		{6FBFA143-FCF9-A647-BA26-ECE113694A7B}.Release|Any CPU.Build.0 = Release|Any CPU
		{9D88B882-52B0-C20F-FF89-851A2EA9DBBB}.Debug|Any CPU.ActiveCfg = Debug|Any CPU
		{9D88B882-52B0-C20F-FF89-851A2EA9DBBB}.Debug|Any CPU.Build.0 = Debug|Any CPU
		{9D88B882-52B0-C20F-FF89-851A2EA9DBBB}.Release|Any CPU.ActiveCfg = Release|Any CPU
		{9D88B882-52B0-C20F-FF89-851A2EA9DBBB}.Release|Any CPU.Build.0 = Release|Any CPU
		{C71E5DB1-4A5E-BD09-6000-219B78A74226}.Debug|Any CPU.ActiveCfg = Debug|Any CPU
		{C71E5DB1-4A5E-BD09-6000-219B78A74226}.Debug|Any CPU.Build.0 = Debug|Any CPU
		{C71E5DB1-4A5E-BD09-6000-219B78A74226}.Release|Any CPU.ActiveCfg = Release|Any CPU
		{C71E5DB1-4A5E-BD09-6000-219B78A74226}.Release|Any CPU.Build.0 = Release|Any CPU
	EndGlobalSection
	GlobalSection(SolutionProperties) = preSolution
		HideSolutionNode = FALSE
	EndGlobalSection
EndGlobal
